
Microsoft Visual Studio Solution File, Format Version 12.00
# Visual Studio Version 17
VisualStudioVersion = 17.9.34723.18
MinimumVisualStudioVersion = 10.0.40219.1
Project("{8BC9CEB8-8B4A-11D0-8D11-00A0C91BC942}") = "PeVisor", "PeVisor\PeVisor.vcxproj", "{43744415-C650-49C0-9E9A-870A46E7099F}"
EndProject
Project("{8BC9CEB8-8B4A-11D0-8D11-00A0C91BC942}") = "Zydis", "Dependency\zydis\msvc\zydis\Zydis.vcxproj", "{88A23124-5640-35A0-B890-311D7A67A7D2}"
EndProject
Project("{8BC9CEB8-8B4A-11D0-8D11-00A0C91BC942}") = "BlackBone", "Dependency\Blackbone\src\BlackBone\BlackBone.vcxproj", "{A2C53563-46F5-4D87-903F-3F1F2FDB2DEB}"
EndProject
Global
	GlobalSection(SolutionConfigurationPlatforms) = preSolution
		Debug Kernel|x64 = Debug Kernel|x64
		Debug Kernel|x86 = Debug Kernel|x86
		Debug MD DLL|x64 = Debug MD DLL|x64
		Debug MD DLL|x86 = Debug MD DLL|x86
		Debug MD|x64 = Debug MD|x64
		Debug MD|x86 = Debug MD|x86
		Debug MT DLL|x64 = Debug MT DLL|x64
		Debug MT DLL|x86 = Debug MT DLL|x86
		Debug MT|x64 = Debug MT|x64
		Debug MT|x86 = Debug MT|x86
		Debug(DLL)|x64 = Debug(DLL)|x64
		Debug(DLL)|x86 = Debug(DLL)|x86
		Debug(XP)|x64 = Debug(XP)|x64
		Debug(XP)|x86 = Debug(XP)|x86
		Debug|x64 = Debug|x64
		Debug|x86 = Debug|x86
		Release Kernel|x64 = Release Kernel|x64
		Release Kernel|x86 = Release Kernel|x86
		Release MD DLL|x64 = Release MD DLL|x64
		Release MD DLL|x86 = Release MD DLL|x86
		Release MD|x64 = Release MD|x64
		Release MD|x86 = Release MD|x86
		Release MT DLL|x64 = Release MT DLL|x64
		Release MT DLL|x86 = Release MT DLL|x86
		Release MT|x64 = Release MT|x64
		Release MT|x86 = Release MT|x86
		Release(DLL)|x64 = Release(DLL)|x64
		Release(DLL)|x86 = Release(DLL)|x86
		Release(XP)|x64 = Release(XP)|x64
		Release(XP)|x86 = Release(XP)|x86
		Release|x64 = Release|x64
		Release|x86 = Release|x86
	EndGlobalSection
	GlobalSection(ProjectConfigurationPlatforms) = postSolution
		{43744415-C650-49C0-9E9A-870A46E7099F}.Debug Kernel|x64.ActiveCfg = Debug|x64
		{43744415-C650-49C0-9E9A-870A46E7099F}.Debug Kernel|x64.Build.0 = Debug|x64
		{43744415-C650-49C0-9E9A-870A46E7099F}.Debug Kernel|x86.ActiveCfg = Debug|Win32
		{43744415-C650-49C0-9E9A-870A46E7099F}.Debug Kernel|x86.Build.0 = Debug|Win32
		{43744415-C650-49C0-9E9A-870A46E7099F}.Debug MD DLL|x64.ActiveCfg = Debug|x64
		{43744415-C650-49C0-9E9A-870A46E7099F}.Debug MD DLL|x64.Build.0 = Debug|x64
		{43744415-C650-49C0-9E9A-870A46E7099F}.Debug MD DLL|x86.ActiveCfg = Debug|Win32
		{43744415-C650-49C0-9E9A-870A46E7099F}.Debug MD DLL|x86.Build.0 = Debug|Win32
		{43744415-C650-49C0-9E9A-870A46E7099F}.Debug MD|x64.ActiveCfg = Debug|x64
		{43744415-C650-49C0-9E9A-870A46E7099F}.Debug MD|x64.Build.0 = Debug|x64
		{43744415-C650-49C0-9E9A-870A46E7099F}.Debug MD|x86.ActiveCfg = Debug|Win32
		{43744415-C650-49C0-9E9A-870A46E7099F}.Debug MD|x86.Build.0 = Debug|Win32
		{43744415-C650-49C0-9E9A-870A46E7099F}.Debug MT DLL|x64.ActiveCfg = Debug|x64
		{43744415-C650-49C0-9E9A-870A46E7099F}.Debug MT DLL|x64.Build.0 = Debug|x64
		{43744415-C650-49C0-9E9A-870A46E7099F}.Debug MT DLL|x86.ActiveCfg = Debug|Win32
		{43744415-C650-49C0-9E9A-870A46E7099F}.Debug MT DLL|x86.Build.0 = Debug|Win32
		{43744415-C650-49C0-9E9A-870A46E7099F}.Debug MT|x64.ActiveCfg = Debug|x64
		{43744415-C650-49C0-9E9A-870A46E7099F}.Debug MT|x64.Build.0 = Debug|x64
		{43744415-C650-49C0-9E9A-870A46E7099F}.Debug MT|x86.ActiveCfg = Debug|Win32
		{43744415-C650-49C0-9E9A-870A46E7099F}.Debug MT|x86.Build.0 = Debug|Win32
		{43744415-C650-49C0-9E9A-870A46E7099F}.Debug(DLL)|x64.ActiveCfg = Debug|x64
		{43744415-C650-49C0-9E9A-870A46E7099F}.Debug(DLL)|x64.Build.0 = Debug|x64
		{43744415-C650-49C0-9E9A-870A46E7099F}.Debug(DLL)|x86.ActiveCfg = Debug|Win32
		{43744415-C650-49C0-9E9A-870A46E7099F}.Debug(DLL)|x86.Build.0 = Debug|Win32
		{43744415-C650-49C0-9E9A-870A46E7099F}.Debug(XP)|x64.ActiveCfg = Debug|x64
		{43744415-C650-49C0-9E9A-870A46E7099F}.Debug(XP)|x64.Build.0 = Debug|x64
		{43744415-C650-49C0-9E9A-870A46E7099F}.Debug(XP)|x86.ActiveCfg = Debug|Win32
		{43744415-C650-49C0-9E9A-870A46E7099F}.Debug(XP)|x86.Build.0 = Debug|Win32
		{43744415-C650-49C0-9E9A-870A46E7099F}.Debug|x64.ActiveCfg = Debug|x64
		{43744415-C650-49C0-9E9A-870A46E7099F}.Debug|x64.Build.0 = Debug|x64
		{43744415-C650-49C0-9E9A-870A46E7099F}.Debug|x86.ActiveCfg = Debug|Win32
		{43744415-C650-49C0-9E9A-870A46E7099F}.Debug|x86.Build.0 = Debug|Win32
		{43744415-C650-49C0-9E9A-870A46E7099F}.Release Kernel|x64.ActiveCfg = Release|x64
		{43744415-C650-49C0-9E9A-870A46E7099F}.Release Kernel|x64.Build.0 = Release|x64
		{43744415-C650-49C0-9E9A-870A46E7099F}.Release Kernel|x86.ActiveCfg = Release|Win32
		{43744415-C650-49C0-9E9A-870A46E7099F}.Release Kernel|x86.Build.0 = Release|Win32
		{43744415-C650-49C0-9E9A-870A46E7099F}.Release MD DLL|x64.ActiveCfg = Release|x64
		{43744415-C650-49C0-9E9A-870A46E7099F}.Release MD DLL|x64.Build.0 = Release|x64
		{43744415-C650-49C0-9E9A-870A46E7099F}.Release MD DLL|x86.ActiveCfg = Release|Win32
		{43744415-C650-49C0-9E9A-870A46E7099F}.Release MD DLL|x86.Build.0 = Release|Win32
		{43744415-C650-49C0-9E9A-870A46E7099F}.Release MD|x64.ActiveCfg = Release|x64
		{43744415-C650-49C0-9E9A-870A46E7099F}.Release MD|x64.Build.0 = Release|x64
		{43744415-C650-49C0-9E9A-870A46E7099F}.Release MD|x86.ActiveCfg = Release|Win32
		{43744415-C650-49C0-9E9A-870A46E7099F}.Release MD|x86.Build.0 = Release|Win32
		{43744415-C650-49C0-9E9A-870A46E7099F}.Release MT DLL|x64.ActiveCfg = Release|x64
		{43744415-C650-49C0-9E9A-870A46E7099F}.Release MT DLL|x64.Build.0 = Release|x64
		{43744415-C650-49C0-9E9A-870A46E7099F}.Release MT DLL|x86.ActiveCfg = Release|Win32
		{43744415-C650-49C0-9E9A-870A46E7099F}.Release MT DLL|x86.Build.0 = Release|Win32
		{43744415-C650-49C0-9E9A-870A46E7099F}.Release MT|x64.ActiveCfg = Release|x64
		{43744415-C650-49C0-9E9A-870A46E7099F}.Release MT|x64.Build.0 = Release|x64
		{43744415-C650-49C0-9E9A-870A46E7099F}.Release MT|x86.ActiveCfg = Release|Win32
		{43744415-C650-49C0-9E9A-870A46E7099F}.Release MT|x86.Build.0 = Release|Win32
		{43744415-C650-49C0-9E9A-870A46E7099F}.Release(DLL)|x64.ActiveCfg = Release|x64
		{43744415-C650-49C0-9E9A-870A46E7099F}.Release(DLL)|x64.Build.0 = Release|x64
		{43744415-C650-49C0-9E9A-870A46E7099F}.Release(DLL)|x86.ActiveCfg = Release|Win32
		{43744415-C650-49C0-9E9A-870A46E7099F}.Release(DLL)|x86.Build.0 = Release|Win32
		{43744415-C650-49C0-9E9A-870A46E7099F}.Release(XP)|x64.ActiveCfg = Release|x64
		{43744415-C650-49C0-9E9A-870A46E7099F}.Release(XP)|x64.Build.0 = Release|x64
		{43744415-C650-49C0-9E9A-870A46E7099F}.Release(XP)|x86.ActiveCfg = Release|Win32
		{43744415-C650-49C0-9E9A-870A46E7099F}.Release(XP)|x86.Build.0 = Release|Win32
		{43744415-C650-49C0-9E9A-870A46E7099F}.Release|x64.ActiveCfg = Release|x64
		{43744415-C650-49C0-9E9A-870A46E7099F}.Release|x64.Build.0 = Release|x64
		{43744415-C650-49C0-9E9A-870A46E7099F}.Release|x86.ActiveCfg = Release|Win32
		{43744415-C650-49C0-9E9A-870A46E7099F}.Release|x86.Build.0 = Release|Win32
		{88A23124-5640-35A0-B890-311D7A67A7D2}.Debug Kernel|x64.ActiveCfg = Debug Kernel|x64
		{88A23124-5640-35A0-B890-311D7A67A7D2}.Debug Kernel|x64.Build.0 = Debug Kernel|x64
		{88A23124-5640-35A0-B890-311D7A67A7D2}.Debug Kernel|x64.Deploy.0 = Debug Kernel|x64
		{88A23124-5640-35A0-B890-311D7A67A7D2}.Debug Kernel|x86.ActiveCfg = Debug Kernel|Win32
		{88A23124-5640-35A0-B890-311D7A67A7D2}.Debug Kernel|x86.Build.0 = Debug Kernel|Win32
		{88A23124-5640-35A0-B890-311D7A67A7D2}.Debug Kernel|x86.Deploy.0 = Debug Kernel|Win32
		{88A23124-5640-35A0-B890-311D7A67A7D2}.Debug MD DLL|x64.ActiveCfg = Debug MD DLL|x64
		{88A23124-5640-35A0-B890-311D7A67A7D2}.Debug MD DLL|x64.Build.0 = Debug MD DLL|x64
		{88A23124-5640-35A0-B890-311D7A67A7D2}.Debug MD DLL|x86.ActiveCfg = Debug MD DLL|Win32
		{88A23124-5640-35A0-B890-311D7A67A7D2}.Debug MD DLL|x86.Build.0 = Debug MD DLL|Win32
		{88A23124-5640-35A0-B890-311D7A67A7D2}.Debug MD|x64.ActiveCfg = Debug MD|x64
		{88A23124-5640-35A0-B890-311D7A67A7D2}.Debug MD|x64.Build.0 = Debug MD|x64
		{88A23124-5640-35A0-B890-311D7A67A7D2}.Debug MD|x86.ActiveCfg = Debug MD|Win32
		{88A23124-5640-35A0-B890-311D7A67A7D2}.Debug MD|x86.Build.0 = Debug MD|Win32
		{88A23124-5640-35A0-B890-311D7A67A7D2}.Debug MT DLL|x64.ActiveCfg = Debug MT DLL|x64
		{88A23124-5640-35A0-B890-311D7A67A7D2}.Debug MT DLL|x64.Build.0 = Debug MT DLL|x64
		{88A23124-5640-35A0-B890-311D7A67A7D2}.Debug MT DLL|x86.ActiveCfg = Debug MT DLL|Win32
		{88A23124-5640-35A0-B890-311D7A67A7D2}.Debug MT DLL|x86.Build.0 = Debug MT DLL|Win32
		{88A23124-5640-35A0-B890-311D7A67A7D2}.Debug MT|x64.ActiveCfg = Debug MT|x64
		{88A23124-5640-35A0-B890-311D7A67A7D2}.Debug MT|x64.Build.0 = Debug MT|x64
		{88A23124-5640-35A0-B890-311D7A67A7D2}.Debug MT|x86.ActiveCfg = Debug MT|Win32
		{88A23124-5640-35A0-B890-311D7A67A7D2}.Debug MT|x86.Build.0 = Debug MT|Win32
		{88A23124-5640-35A0-B890-311D7A67A7D2}.Debug(DLL)|x64.ActiveCfg = Debug MD DLL|x64
		{88A23124-5640-35A0-B890-311D7A67A7D2}.Debug(DLL)|x64.Build.0 = Debug MD DLL|x64
		{88A23124-5640-35A0-B890-311D7A67A7D2}.Debug(DLL)|x86.ActiveCfg = Debug MT DLL|Win32
		{88A23124-5640-35A0-B890-311D7A67A7D2}.Debug(DLL)|x86.Build.0 = Debug MT DLL|Win32
		{88A23124-5640-35A0-B890-311D7A67A7D2}.Debug(XP)|x64.ActiveCfg = Debug MD DLL|x64
		{88A23124-5640-35A0-B890-311D7A67A7D2}.Debug(XP)|x64.Build.0 = Debug MD DLL|x64
		{88A23124-5640-35A0-B890-311D7A67A7D2}.Debug(XP)|x86.ActiveCfg = Debug MT DLL|Win32
		{88A23124-5640-35A0-B890-311D7A67A7D2}.Debug(XP)|x86.Build.0 = Debug MT DLL|Win32
		{88A23124-5640-35A0-B890-311D7A67A7D2}.Debug|x64.ActiveCfg = Debug MD DLL|x64
		{88A23124-5640-35A0-B890-311D7A67A7D2}.Debug|x64.Build.0 = Debug MD DLL|x64
		{88A23124-5640-35A0-B890-311D7A67A7D2}.Debug|x86.ActiveCfg = Debug MD|Win32
		{88A23124-5640-35A0-B890-311D7A67A7D2}.Debug|x86.Build.0 = Debug MD|Win32
		{88A23124-5640-35A0-B890-311D7A67A7D2}.Release Kernel|x64.ActiveCfg = Release Kernel|x64
		{88A23124-5640-35A0-B890-311D7A67A7D2}.Release Kernel|x64.Build.0 = Release Kernel|x64
		{88A23124-5640-35A0-B890-311D7A67A7D2}.Release Kernel|x64.Deploy.0 = Release Kernel|x64
		{88A23124-5640-35A0-B890-311D7A67A7D2}.Release Kernel|x86.ActiveCfg = Release Kernel|Win32
		{88A23124-5640-35A0-B890-311D7A67A7D2}.Release Kernel|x86.Build.0 = Release Kernel|Win32
		{88A23124-5640-35A0-B890-311D7A67A7D2}.Release Kernel|x86.Deploy.0 = Release Kernel|Win32
		{88A23124-5640-35A0-B890-311D7A67A7D2}.Release MD DLL|x64.ActiveCfg = Release MD DLL|x64
		{88A23124-5640-35A0-B890-311D7A67A7D2}.Release MD DLL|x64.Build.0 = Release MD DLL|x64
		{88A23124-5640-35A0-B890-311D7A67A7D2}.Release MD DLL|x86.ActiveCfg = Release MD DLL|Win32
		{88A23124-5640-35A0-B890-311D7A67A7D2}.Release MD DLL|x86.Build.0 = Release MD DLL|Win32
		{88A23124-5640-35A0-B890-311D7A67A7D2}.Release MD|x64.ActiveCfg = Release MD|x64
		{88A23124-5640-35A0-B890-311D7A67A7D2}.Release MD|x64.Build.0 = Release MD|x64
		{88A23124-5640-35A0-B890-311D7A67A7D2}.Release MD|x86.ActiveCfg = Release MD|Win32
		{88A23124-5640-35A0-B890-311D7A67A7D2}.Release MD|x86.Build.0 = Release MD|Win32
		{88A23124-5640-35A0-B890-311D7A67A7D2}.Release MT DLL|x64.ActiveCfg = Release MT DLL|x64
		{88A23124-5640-35A0-B890-311D7A67A7D2}.Release MT DLL|x64.Build.0 = Release MT DLL|x64
		{88A23124-5640-35A0-B890-311D7A67A7D2}.Release MT DLL|x86.ActiveCfg = Release MT DLL|Win32
		{88A23124-5640-35A0-B890-311D7A67A7D2}.Release MT DLL|x86.Build.0 = Release MT DLL|Win32
		{88A23124-5640-35A0-B890-311D7A67A7D2}.Release MT|x64.ActiveCfg = Release MT|x64
		{88A23124-5640-35A0-B890-311D7A67A7D2}.Release MT|x64.Build.0 = Release MT|x64
		{88A23124-5640-35A0-B890-311D7A67A7D2}.Release MT|x86.ActiveCfg = Release MT|Win32
		{88A23124-5640-35A0-B890-311D7A67A7D2}.Release MT|x86.Build.0 = Release MT|Win32
		{88A23124-5640-35A0-B890-311D7A67A7D2}.Release(DLL)|x64.ActiveCfg = Release MD DLL|x64
		{88A23124-5640-35A0-B890-311D7A67A7D2}.Release(DLL)|x64.Build.0 = Release MD DLL|x64
		{88A23124-5640-35A0-B890-311D7A67A7D2}.Release(DLL)|x86.ActiveCfg = Release MT DLL|Win32
		{88A23124-5640-35A0-B890-311D7A67A7D2}.Release(DLL)|x86.Build.0 = Release MT DLL|Win32
		{88A23124-5640-35A0-B890-311D7A67A7D2}.Release(XP)|x64.ActiveCfg = Release MD DLL|x64
		{88A23124-5640-35A0-B890-311D7A67A7D2}.Release(XP)|x64.Build.0 = Release MD DLL|x64
		{88A23124-5640-35A0-B890-311D7A67A7D2}.Release(XP)|x86.ActiveCfg = Release MT DLL|Win32
		{88A23124-5640-35A0-B890-311D7A67A7D2}.Release(XP)|x86.Build.0 = Release MT DLL|Win32
		{88A23124-5640-35A0-B890-311D7A67A7D2}.Release|x64.ActiveCfg = Release MD DLL|x64
		{88A23124-5640-35A0-B890-311D7A67A7D2}.Release|x64.Build.0 = Release MD DLL|x64
		{88A23124-5640-35A0-B890-311D7A67A7D2}.Release|x86.ActiveCfg = Release MT DLL|Win32
		{88A23124-5640-35A0-B890-311D7A67A7D2}.Release|x86.Build.0 = Release MT DLL|Win32
		{A2C53563-46F5-4D87-903F-3F1F2FDB2DEB}.Debug Kernel|x64.ActiveCfg = Debug(DLL)|x64
		{A2C53563-46F5-4D87-903F-3F1F2FDB2DEB}.Debug Kernel|x64.Build.0 = Debug(DLL)|x64
		{A2C53563-46F5-4D87-903F-3F1F2FDB2DEB}.Debug Kernel|x86.ActiveCfg = Debug(DLL)|Win32
		{A2C53563-46F5-4D87-903F-3F1F2FDB2DEB}.Debug Kernel|x86.Build.0 = Debug(DLL)|Win32
		{A2C53563-46F5-4D87-903F-3F1F2FDB2DEB}.Debug MD DLL|x64.ActiveCfg = Debug(DLL)|x64
		{A2C53563-46F5-4D87-903F-3F1F2FDB2DEB}.Debug MD DLL|x64.Build.0 = Debug(DLL)|x64
		{A2C53563-46F5-4D87-903F-3F1F2FDB2DEB}.Debug MD DLL|x86.ActiveCfg = Debug(DLL)|Win32
		{A2C53563-46F5-4D87-903F-3F1F2FDB2DEB}.Debug MD DLL|x86.Build.0 = Debug(DLL)|Win32
		{A2C53563-46F5-4D87-903F-3F1F2FDB2DEB}.Debug MD|x64.ActiveCfg = Debug(DLL)|x64
		{A2C53563-46F5-4D87-903F-3F1F2FDB2DEB}.Debug MD|x64.Build.0 = Debug(DLL)|x64
		{A2C53563-46F5-4D87-903F-3F1F2FDB2DEB}.Debug MD|x86.ActiveCfg = Debug(DLL)|Win32
		{A2C53563-46F5-4D87-903F-3F1F2FDB2DEB}.Debug MD|x86.Build.0 = Debug(DLL)|Win32
		{A2C53563-46F5-4D87-903F-3F1F2FDB2DEB}.Debug MT DLL|x64.ActiveCfg = Debug(DLL)|x64
		{A2C53563-46F5-4D87-903F-3F1F2FDB2DEB}.Debug MT DLL|x64.Build.0 = Debug(DLL)|x64
		{A2C53563-46F5-4D87-903F-3F1F2FDB2DEB}.Debug MT DLL|x86.ActiveCfg = Debug(DLL)|Win32
		{A2C53563-46F5-4D87-903F-3F1F2FDB2DEB}.Debug MT DLL|x86.Build.0 = Debug(DLL)|Win32
		{A2C53563-46F5-4D87-903F-3F1F2FDB2DEB}.Debug MT|x64.ActiveCfg = Debug(DLL)|x64
		{A2C53563-46F5-4D87-903F-3F1F2FDB2DEB}.Debug MT|x64.Build.0 = Debug(DLL)|x64
		{A2C53563-46F5-4D87-903F-3F1F2FDB2DEB}.Debug MT|x86.ActiveCfg = Debug(DLL)|Win32
		{A2C53563-46F5-4D87-903F-3F1F2FDB2DEB}.Debug MT|x86.Build.0 = Debug(DLL)|Win32
		{A2C53563-46F5-4D87-903F-3F1F2FDB2DEB}.Debug(DLL)|x64.ActiveCfg = Debug(DLL)|x64
		{A2C53563-46F5-4D87-903F-3F1F2FDB2DEB}.Debug(DLL)|x64.Build.0 = Debug(DLL)|x64
		{A2C53563-46F5-4D87-903F-3F1F2FDB2DEB}.Debug(DLL)|x86.ActiveCfg = Debug(DLL)|Win32
		{A2C53563-46F5-4D87-903F-3F1F2FDB2DEB}.Debug(DLL)|x86.Build.0 = Debug(DLL)|Win32
		{A2C53563-46F5-4D87-903F-3F1F2FDB2DEB}.Debug(XP)|x64.ActiveCfg = Debug(XP)|x64
		{A2C53563-46F5-4D87-903F-3F1F2FDB2DEB}.Debug(XP)|x64.Build.0 = Debug(XP)|x64
		{A2C53563-46F5-4D87-903F-3F1F2FDB2DEB}.Debug(XP)|x86.ActiveCfg = Debug(XP)|Win32
		{A2C53563-46F5-4D87-903F-3F1F2FDB2DEB}.Debug(XP)|x86.Build.0 = Debug(XP)|Win32
		{A2C53563-46F5-4D87-903F-3F1F2FDB2DEB}.Debug|x64.ActiveCfg = Debug|x64
		{A2C53563-46F5-4D87-903F-3F1F2FDB2DEB}.Debug|x64.Build.0 = Debug|x64
		{A2C53563-46F5-4D87-903F-3F1F2FDB2DEB}.Debug|x86.ActiveCfg = Debug|Win32
		{A2C53563-46F5-4D87-903F-3F1F2FDB2DEB}.Debug|x86.Build.0 = Debug|Win32
		{A2C53563-46F5-4D87-903F-3F1F2FDB2DEB}.Release Kernel|x64.ActiveCfg = Release(DLL)|x64
		{A2C53563-46F5-4D87-903F-3F1F2FDB2DEB}.Release Kernel|x64.Build.0 = Release(DLL)|x64
		{A2C53563-46F5-4D87-903F-3F1F2FDB2DEB}.Release Kernel|x86.ActiveCfg = Release(DLL)|Win32
		{A2C53563-46F5-4D87-903F-3F1F2FDB2DEB}.Release Kernel|x86.Build.0 = Release(DLL)|Win32
		{A2C53563-46F5-4D87-903F-3F1F2FDB2DEB}.Release MD DLL|x64.ActiveCfg = Release(DLL)|x64
		{A2C53563-46F5-4D87-903F-3F1F2FDB2DEB}.Release MD DLL|x64.Build.0 = Release(DLL)|x64
		{A2C53563-46F5-4D87-903F-3F1F2FDB2DEB}.Release MD DLL|x86.ActiveCfg = Release(DLL)|Win32
		{A2C53563-46F5-4D87-903F-3F1F2FDB2DEB}.Release MD DLL|x86.Build.0 = Release(DLL)|Win32
		{A2C53563-46F5-4D87-903F-3F1F2FDB2DEB}.Release MD|x64.ActiveCfg = Release(XP)|x64
		{A2C53563-46F5-4D87-903F-3F1F2FDB2DEB}.Release MD|x64.Build.0 = Release(XP)|x64
		{A2C53563-46F5-4D87-903F-3F1F2FDB2DEB}.Release MD|x86.ActiveCfg = Release(XP)|Win32
		{A2C53563-46F5-4D87-903F-3F1F2FDB2DEB}.Release MD|x86.Build.0 = Release(XP)|Win32
		{A2C53563-46F5-4D87-903F-3F1F2FDB2DEB}.Release MT DLL|x64.ActiveCfg = Release(DLL)|x64
		{A2C53563-46F5-4D87-903F-3F1F2FDB2DEB}.Release MT DLL|x64.Build.0 = Release(DLL)|x64
		{A2C53563-46F5-4D87-903F-3F1F2FDB2DEB}.Release MT DLL|x86.ActiveCfg = Release(DLL)|Win32
		{A2C53563-46F5-4D87-903F-3F1F2FDB2DEB}.Release MT DLL|x86.Build.0 = Release(DLL)|Win32
		{A2C53563-46F5-4D87-903F-3F1F2FDB2DEB}.Release MT|x64.ActiveCfg = Release(XP)|x64
		{A2C53563-46F5-4D87-903F-3F1F2FDB2DEB}.Release MT|x64.Build.0 = Release(XP)|x64
		{A2C53563-46F5-4D87-903F-3F1F2FDB2DEB}.Release MT|x86.ActiveCfg = Release(XP)|Win32
		{A2C53563-46F5-4D87-903F-3F1F2FDB2DEB}.Release MT|x86.Build.0 = Release(XP)|Win32
		{A2C53563-46F5-4D87-903F-3F1F2FDB2DEB}.Release(DLL)|x64.ActiveCfg = Release(DLL)|x64
		{A2C53563-46F5-4D87-903F-3F1F2FDB2DEB}.Release(DLL)|x64.Build.0 = Release(DLL)|x64
		{A2C53563-46F5-4D87-903F-3F1F2FDB2DEB}.Release(DLL)|x86.ActiveCfg = Release(DLL)|Win32
		{A2C53563-46F5-4D87-903F-3F1F2FDB2DEB}.Release(DLL)|x86.Build.0 = Release(DLL)|Win32
		{A2C53563-46F5-4D87-903F-3F1F2FDB2DEB}.Release(XP)|x64.ActiveCfg = Release(XP)|x64
		{A2C53563-46F5-4D87-903F-3F1F2FDB2DEB}.Release(XP)|x64.Build.0 = Release(XP)|x64
		{A2C53563-46F5-4D87-903F-3F1F2FDB2DEB}.Release(XP)|x86.ActiveCfg = Release(XP)|Win32
		{A2C53563-46F5-4D87-903F-3F1F2FDB2DEB}.Release(XP)|x86.Build.0 = Release(XP)|Win32
		{A2C53563-46F5-4D87-903F-3F1F2FDB2DEB}.Release|x64.ActiveCfg = Release|x64
		{A2C53563-46F5-4D87-903F-3F1F2FDB2DEB}.Release|x64.Build.0 = Release|x64
		{A2C53563-46F5-4D87-903F-3F1F2FDB2DEB}.Release|x86.ActiveCfg = Release|Win32
		{A2C53563-46F5-4D87-903F-3F1F2FDB2DEB}.Release|x86.Build.0 = Release|Win32
	EndGlobalSection
	GlobalSection(SolutionProperties) = preSolution
		HideSolutionNode = FALSE
	EndGlobalSection
	GlobalSection(ExtensibilityGlobals) = postSolution
		SolutionGuid = {A9253B32-0019-4F9D-ADDA-7C1D933AC77C}
	EndGlobalSection
EndGlobal
