<?xml version="1.0" encoding="utf-8"?>
<Project ToolsVersion="4.0" xmlns="http://schemas.microsoft.com/developer/msbuild/2003">
  <ItemGroup>
    <Filter Include="Src">
      <UniqueIdentifier>{396229ad-3889-4c66-99a6-4dd662a39667}</UniqueIdentifier>
    </Filter>
    <Filter Include="Inc">
      <UniqueIdentifier>{1759c9d8-083f-48d3-b8b7-1d4f3bef12ab}</UniqueIdentifier>
    </Filter>
    <Filter Include="Inc\Emu">
      <UniqueIdentifier>{69fba827-4f27-4b9e-8524-ef8a4e9c2754}</UniqueIdentifier>
    </Filter>
    <Filter Include="Src\Emu">
      <UniqueIdentifier>{5192afe5-9cee-4861-b4e2-5b075967d3d0}</UniqueIdentifier>
    </Filter>
    <Filter Include="Src\Emu\Windows Kits">
      <UniqueIdentifier>{cb6c5e8e-ed33-4768-9296-5f6d3dca5f78}</UniqueIdentifier>
    </Filter>
    <Filter Include="Src\Emu\Windows Kits\10">
      <UniqueIdentifier>{282a59a8-d459-4cb9-90c5-f858c3099196}</UniqueIdentifier>
    </Filter>
    <Filter Include="Src\Emu\Windows Kits\10\Include">
      <UniqueIdentifier>{cd5da5cd-2fbf-4723-bd18-a1f25ca179b9}</UniqueIdentifier>
    </Filter>
    <Filter Include="Src\Emu\Windows Kits\10\Include\10.0.22621.0">
      <UniqueIdentifier>{b942c810-56c7-4497-ac98-86402f7917ad}</UniqueIdentifier>
    </Filter>
    <Filter Include="Src\Emu\Windows Kits\10\Include\10.0.22621.0\um">
      <UniqueIdentifier>{5f83aafd-9f99-4ff1-87b3-80b8d8289c8d}</UniqueIdentifier>
    </Filter>
    <Filter Include="Inc\Emu\Windows Kits">
      <UniqueIdentifier>{40ba5837-b296-4caf-a0ad-39fda15d1f97}</UniqueIdentifier>
    </Filter>
    <Filter Include="Inc\Emu\Windows Kits\10">
      <UniqueIdentifier>{990e7923-907f-4975-a175-346f74a2584f}</UniqueIdentifier>
    </Filter>
    <Filter Include="Inc\Emu\Windows Kits\10\Include">
      <UniqueIdentifier>{0dd7a716-448e-442b-841d-d7aa39c73d95}</UniqueIdentifier>
    </Filter>
    <Filter Include="Inc\Emu\Windows Kits\10\Include\10.0.22621.0">
      <UniqueIdentifier>{164a8dd3-58e3-402a-88ce-42eae4a6088f}</UniqueIdentifier>
    </Filter>
    <Filter Include="Inc\Emu\Windows Kits\10\Include\10.0.22621.0\um">
      <UniqueIdentifier>{9286c9b1-c076-49e2-98e7-2b0da5426ff6}</UniqueIdentifier>
    </Filter>
    <Filter Include="Src\Emu\Windows Kits\10\Include\10.0.22621.0\um\RegisteredApi">
      <UniqueIdentifier>{bb1f761f-d467-43a8-a775-0130c4a1d4e0}</UniqueIdentifier>
    </Filter>
    <Filter Include="Inc\Emu\Windows Kits\10\Include\10.0.22621.0\um\RegisteredApi">
      <UniqueIdentifier>{19176539-d5a0-4a23-8b4a-d15dc4f02155}</UniqueIdentifier>
    </Filter>
  </ItemGroup>
  <ItemGroup>
    <ClCompile Include="Src\Main.cpp">
      <Filter>Src</Filter>
    </ClCompile>
    <ClCompile Include="Src\Encode.cpp">
      <Filter>Src</Filter>
    </ClCompile>
    <ClCompile Include="Src\Buffer.cpp">
      <Filter>Src</Filter>
    </ClCompile>
    <ClCompile Include="Src\Memory.cpp">
      <Filter>Src</Filter>
    </ClCompile>
    <ClCompile Include="Src\Find.cpp">
      <Filter>Src</Filter>
    </ClCompile>
    <ClCompile Include="Src\Ldr.cpp">
      <Filter>Src</Filter>
    </ClCompile>
    <ClCompile Include="Src\Rtls.cpp">
      <Filter>Src</Filter>
    </ClCompile>
    <ClCompile Include="Src\ucHooks.cpp">
      <Filter>Src</Filter>
    </ClCompile>
    <ClCompile Include="Src\EmuApiBasis.cpp">
      <Filter>Src</Filter>
    </ClCompile>
    <ClCompile Include="Src\Map.cpp">
      <Filter>Src</Filter>
    </ClCompile>
    <ClCompile Include="Src\InternalEmulationApi.cpp">
      <Filter>Src</Filter>
    </ClCompile>
    <ClCompile Include="Src\Trace.cpp">
      <Filter>Src</Filter>
    </ClCompile>
    <ClCompile Include="Src\wsprintf.cpp">
      <Filter>Src</Filter>
    </ClCompile>
    <ClCompile Include="Src\Crt.cpp">
      <Filter>Src</Filter>
    </ClCompile>
    <ClCompile Include="Src\Emu\EmuUtils.cpp">
      <Filter>Src\Emu</Filter>
    </ClCompile>
    <ClCompile Include="Src\Emu\Windows Kits\10\Include\10.0.22621.0\um\debugapiEmu.cpp">
      <Filter>Src\Emu\Windows Kits\10\Include\10.0.22621.0\um</Filter>
    </ClCompile>
    <ClCompile Include="Src\Emu\Windows Kits\10\Include\10.0.22621.0\um\errhandlingapiEmu.cpp">
      <Filter>Src\Emu\Windows Kits\10\Include\10.0.22621.0\um</Filter>
    </ClCompile>
    <ClCompile Include="Src\Emu\Windows Kits\10\Include\10.0.22621.0\um\fileapiEmu.cpp">
      <Filter>Src\Emu\Windows Kits\10\Include\10.0.22621.0\um</Filter>
    </ClCompile>
    <ClCompile Include="Src\Emu\Windows Kits\10\Include\10.0.22621.0\um\libloaderapiEmu.cpp">
      <Filter>Src\Emu\Windows Kits\10\Include\10.0.22621.0\um</Filter>
    </ClCompile>
    <ClCompile Include="Src\Emu\Windows Kits\10\Include\10.0.22621.0\um\memoryapiEmu.cpp">
      <Filter>Src\Emu\Windows Kits\10\Include\10.0.22621.0\um</Filter>
    </ClCompile>
    <ClCompile Include="Src\Emu\Windows Kits\10\Include\10.0.22621.0\um\ntdllEmu.cpp">
      <Filter>Src\Emu\Windows Kits\10\Include\10.0.22621.0\um</Filter>
    </ClCompile>
    <ClCompile Include="Src\Emu\Windows Kits\10\Include\10.0.22621.0\um\processenvEmu.cpp">
      <Filter>Src\Emu\Windows Kits\10\Include\10.0.22621.0\um</Filter>
    </ClCompile>
    <ClCompile Include="Src\Emu\Windows Kits\10\Include\10.0.22621.0\um\processthreadsapiEmu.cpp">
      <Filter>Src\Emu\Windows Kits\10\Include\10.0.22621.0\um</Filter>
    </ClCompile>
    <ClCompile Include="Src\Emu\Windows Kits\10\Include\10.0.22621.0\um\profileapiEmu.cpp">
      <Filter>Src\Emu\Windows Kits\10\Include\10.0.22621.0\um</Filter>
    </ClCompile>
    <ClCompile Include="Src\Emu\Windows Kits\10\Include\10.0.22621.0\um\stringapisetEmu.cpp">
      <Filter>Src\Emu\Windows Kits\10\Include\10.0.22621.0\um</Filter>
    </ClCompile>
    <ClCompile Include="Src\Emu\Windows Kits\10\Include\10.0.22621.0\um\synchapiEmu.cpp">
      <Filter>Src\Emu\Windows Kits\10\Include\10.0.22621.0\um</Filter>
    </ClCompile>
    <ClCompile Include="Src\Emu\Windows Kits\10\Include\10.0.22621.0\um\sysinfoapiEmu.cpp">
      <Filter>Src\Emu\Windows Kits\10\Include\10.0.22621.0\um</Filter>
    </ClCompile>
    <ClCompile Include="Src\Emu\Windows Kits\10\Include\10.0.22621.0\um\WinBaseEmu.cpp">
      <Filter>Src\Emu\Windows Kits\10\Include\10.0.22621.0\um</Filter>
    </ClCompile>
    <ClCompile Include="Src\Emu\Windows Kits\10\Include\10.0.22621.0\um\wininetEmu.cpp">
      <Filter>Src\Emu\Windows Kits\10\Include\10.0.22621.0\um</Filter>
    </ClCompile>
    <ClCompile Include="Src\Emu\Windows Kits\10\Include\10.0.22621.0\um\WinUserEmu.cpp">
      <Filter>Src\Emu\Windows Kits\10\Include\10.0.22621.0\um</Filter>
    </ClCompile>
    <ClCompile Include="Src\Emu\Windows Kits\10\Include\10.0.22621.0\um\RegisteredApi\debugapiEmuRegister.cpp">
      <Filter>Src\Emu\Windows Kits\10\Include\10.0.22621.0\um\RegisteredApi</Filter>
    </ClCompile>
    <ClCompile Include="Src\Emu\Windows Kits\10\Include\10.0.22621.0\um\RegisteredApi\errhandlingapiEmuRegister.cpp">
      <Filter>Src\Emu\Windows Kits\10\Include\10.0.22621.0\um\RegisteredApi</Filter>
    </ClCompile>
    <ClCompile Include="Src\Emu\Windows Kits\10\Include\10.0.22621.0\um\RegisteredApi\fileapiEmuRegister.cpp">
      <Filter>Src\Emu\Windows Kits\10\Include\10.0.22621.0\um\RegisteredApi</Filter>
    </ClCompile>
    <ClCompile Include="Src\Emu\Windows Kits\10\Include\10.0.22621.0\um\RegisteredApi\libloaderapiEmuRegister.cpp">
      <Filter>Src\Emu\Windows Kits\10\Include\10.0.22621.0\um\RegisteredApi</Filter>
    </ClCompile>
    <ClCompile Include="Src\Emu\Windows Kits\10\Include\10.0.22621.0\um\RegisteredApi\memoryapiEmuRegister.cpp">
      <Filter>Src\Emu\Windows Kits\10\Include\10.0.22621.0\um\RegisteredApi</Filter>
    </ClCompile>
    <ClCompile Include="Src\Emu\Windows Kits\10\Include\10.0.22621.0\um\RegisteredApi\ntdllEmuRegister.cpp">
      <Filter>Src\Emu\Windows Kits\10\Include\10.0.22621.0\um\RegisteredApi</Filter>
    </ClCompile>
    <ClCompile Include="Src\Emu\Windows Kits\10\Include\10.0.22621.0\um\RegisteredApi\processenvEmuRegister.cpp">
      <Filter>Src\Emu\Windows Kits\10\Include\10.0.22621.0\um\RegisteredApi</Filter>
    </ClCompile>
    <ClCompile Include="Src\Emu\Windows Kits\10\Include\10.0.22621.0\um\RegisteredApi\processthreadsapiEmuRegister.cpp">
      <Filter>Src\Emu\Windows Kits\10\Include\10.0.22621.0\um\RegisteredApi</Filter>
    </ClCompile>
    <ClCompile Include="Src\Emu\Windows Kits\10\Include\10.0.22621.0\um\RegisteredApi\profileapiEmuRegister.cpp">
      <Filter>Src\Emu\Windows Kits\10\Include\10.0.22621.0\um\RegisteredApi</Filter>
    </ClCompile>
    <ClCompile Include="Src\Emu\Windows Kits\10\Include\10.0.22621.0\um\RegisteredApi\stringapisetEmuRegister.cpp">
      <Filter>Src\Emu\Windows Kits\10\Include\10.0.22621.0\um\RegisteredApi</Filter>
    </ClCompile>
    <ClCompile Include="Src\Emu\Windows Kits\10\Include\10.0.22621.0\um\RegisteredApi\synchapiEmuRegister.cpp">
      <Filter>Src\Emu\Windows Kits\10\Include\10.0.22621.0\um\RegisteredApi</Filter>
    </ClCompile>
    <ClCompile Include="Src\Emu\Windows Kits\10\Include\10.0.22621.0\um\RegisteredApi\sysinfoapiEmuRegister.cpp">
      <Filter>Src\Emu\Windows Kits\10\Include\10.0.22621.0\um\RegisteredApi</Filter>
    </ClCompile>
    <ClCompile Include="Src\Emu\Windows Kits\10\Include\10.0.22621.0\um\RegisteredApi\WinBaseEmuRegister.cpp">
      <Filter>Src\Emu\Windows Kits\10\Include\10.0.22621.0\um\RegisteredApi</Filter>
    </ClCompile>
    <ClCompile Include="Src\Emu\Windows Kits\10\Include\10.0.22621.0\um\RegisteredApi\wininetEmuRegister.cpp">
      <Filter>Src\Emu\Windows Kits\10\Include\10.0.22621.0\um\RegisteredApi</Filter>
    </ClCompile>
    <ClCompile Include="Src\Emu\Windows Kits\10\Include\10.0.22621.0\um\RegisteredApi\WinUserEmuRegister.cpp">
      <Filter>Src\Emu\Windows Kits\10\Include\10.0.22621.0\um\RegisteredApi</Filter>
    </ClCompile>
  </ItemGroup>
  <ItemGroup>
    <ClInclude Include="Inc\UCPE.hpp">
      <Filter>Inc</Filter>
    </ClInclude>
    <ClInclude Include="Inc\Encode.hpp">
      <Filter>Inc</Filter>
    </ClInclude>
    <ClInclude Include="Inc\Buffer.hpp">
      <Filter>Inc</Filter>
    </ClInclude>
    <ClInclude Include="Inc\Nativestructs.hpp">
      <Filter>Inc</Filter>
    </ClInclude>
    <ClInclude Include="Inc\IEApiErrorCodes.hpp">
      <Filter>Inc</Filter>
    </ClInclude>
    <ClInclude Include="Inc\Trace.hpp">
      <Filter>Inc</Filter>
    </ClInclude>
    <ClInclude Include="Inc\CPUID.hpp">
      <Filter>Inc</Filter>
    </ClInclude>
    <ClInclude Include="Inc\Registers.hpp">
      <Filter>Inc</Filter>
    </ClInclude>
    <ClInclude Include="Inc\wsprintf.h">
      <Filter>Inc</Filter>
    </ClInclude>
    <ClInclude Include="Inc\Crt.hpp">
      <Filter>Inc</Filter>
    </ClInclude>
    <ClInclude Include="Inc\Emu\EmuGeneral.hpp">
      <Filter>Inc\Emu</Filter>
    </ClInclude>
    <ClInclude Include="Inc\Emu\EmuUtils.hpp">
      <Filter>Inc\Emu</Filter>
    </ClInclude>
    <ClInclude Include="Inc\Emu\Windows Kits\10\Include\10.0.22621.0\um\debugapiEmu.hpp">
      <Filter>Inc\Emu\Windows Kits\10\Include\10.0.22621.0\um</Filter>
    </ClInclude>
    <ClInclude Include="Inc\Emu\Windows Kits\10\Include\10.0.22621.0\um\errhandlingapiEmu.hpp">
      <Filter>Inc\Emu\Windows Kits\10\Include\10.0.22621.0\um</Filter>
    </ClInclude>
    <ClInclude Include="Inc\Emu\Windows Kits\10\Include\10.0.22621.0\um\fileapiEmu.hpp">
      <Filter>Inc\Emu\Windows Kits\10\Include\10.0.22621.0\um</Filter>
    </ClInclude>
    <ClInclude Include="Inc\Emu\Windows Kits\10\Include\10.0.22621.0\um\libloaderapiEmu.hpp">
      <Filter>Inc\Emu\Windows Kits\10\Include\10.0.22621.0\um</Filter>
    </ClInclude>
    <ClInclude Include="Inc\Emu\Windows Kits\10\Include\10.0.22621.0\um\memoryapiEmu.hpp">
      <Filter>Inc\Emu\Windows Kits\10\Include\10.0.22621.0\um</Filter>
    </ClInclude>
    <ClInclude Include="Inc\Emu\Windows Kits\10\Include\10.0.22621.0\um\ntdllEmu.hpp">
      <Filter>Inc\Emu\Windows Kits\10\Include\10.0.22621.0\um</Filter>
    </ClInclude>
    <ClInclude Include="Inc\Emu\Windows Kits\10\Include\10.0.22621.0\um\processenvEmu.hpp">
      <Filter>Inc\Emu\Windows Kits\10\Include\10.0.22621.0\um</Filter>
    </ClInclude>
    <ClInclude Include="Inc\Emu\Windows Kits\10\Include\10.0.22621.0\um\processthreadsapiEmu.hpp">
      <Filter>Inc\Emu\Windows Kits\10\Include\10.0.22621.0\um</Filter>
    </ClInclude>
    <ClInclude Include="Inc\Emu\Windows Kits\10\Include\10.0.22621.0\um\profileapiEmu.hpp">
      <Filter>Inc\Emu\Windows Kits\10\Include\10.0.22621.0\um</Filter>
    </ClInclude>
    <ClInclude Include="Inc\Emu\Windows Kits\10\Include\10.0.22621.0\um\stringapisetEmu.hpp">
      <Filter>Inc\Emu\Windows Kits\10\Include\10.0.22621.0\um</Filter>
    </ClInclude>
    <ClInclude Include="Inc\Emu\Windows Kits\10\Include\10.0.22621.0\um\synchapiEmu.hpp">
      <Filter>Inc\Emu\Windows Kits\10\Include\10.0.22621.0\um</Filter>
    </ClInclude>
    <ClInclude Include="Inc\Emu\Windows Kits\10\Include\10.0.22621.0\um\sysinfoapiEmu.hpp">
      <Filter>Inc\Emu\Windows Kits\10\Include\10.0.22621.0\um</Filter>
    </ClInclude>
    <ClInclude Include="Inc\Emu\Windows Kits\10\Include\10.0.22621.0\um\WinBaseEmu.hpp">
      <Filter>Inc\Emu\Windows Kits\10\Include\10.0.22621.0\um</Filter>
    </ClInclude>
    <ClInclude Include="Inc\Emu\Windows Kits\10\Include\10.0.22621.0\um\wininetEmu.hpp">
      <Filter>Inc\Emu\Windows Kits\10\Include\10.0.22621.0\um</Filter>
    </ClInclude>
    <ClInclude Include="Inc\Emu\Windows Kits\10\Include\10.0.22621.0\um\WinUserEmu.hpp">
      <Filter>Inc\Emu\Windows Kits\10\Include\10.0.22621.0\um</Filter>
    </ClInclude>
    <ClInclude Include="Inc\Emu\Windows Kits\10\Include\10.0.22621.0\um\RegisteredApi\debugapiEmuRegister.hpp">
      <Filter>Inc\Emu\Windows Kits\10\Include\10.0.22621.0\um\RegisteredApi</Filter>
    </ClInclude>
    <ClInclude Include="Inc\Emu\Windows Kits\10\Include\10.0.22621.0\um\RegisteredApi\errhandlingapiEmuRegister.hpp">
      <Filter>Inc\Emu\Windows Kits\10\Include\10.0.22621.0\um\RegisteredApi</Filter>
    </ClInclude>
    <ClInclude Include="Inc\Emu\Windows Kits\10\Include\10.0.22621.0\um\RegisteredApi\fileapiEmuRegister.hpp">
      <Filter>Inc\Emu\Windows Kits\10\Include\10.0.22621.0\um\RegisteredApi</Filter>
    </ClInclude>
    <ClInclude Include="Inc\Emu\Windows Kits\10\Include\10.0.22621.0\um\RegisteredApi\libloaderapiEmuRegister.hpp">
      <Filter>Inc\Emu\Windows Kits\10\Include\10.0.22621.0\um\RegisteredApi</Filter>
    </ClInclude>
    <ClInclude Include="Inc\Emu\Windows Kits\10\Include\10.0.22621.0\um\RegisteredApi\memoryapiEmuRegister.hpp">
      <Filter>Inc\Emu\Windows Kits\10\Include\10.0.22621.0\um\RegisteredApi</Filter>
    </ClInclude>
    <ClInclude Include="Inc\Emu\Windows Kits\10\Include\10.0.22621.0\um\RegisteredApi\ntdllEmuRegister.hpp">
      <Filter>Inc\Emu\Windows Kits\10\Include\10.0.22621.0\um\RegisteredApi</Filter>
    </ClInclude>
    <ClInclude Include="Inc\Emu\Windows Kits\10\Include\10.0.22621.0\um\RegisteredApi\processenvEmuRegister.hpp">
      <Filter>Inc\Emu\Windows Kits\10\Include\10.0.22621.0\um\RegisteredApi</Filter>
    </ClInclude>
    <ClInclude Include="Inc\Emu\Windows Kits\10\Include\10.0.22621.0\um\RegisteredApi\processthreadsapiEmuRegister.hpp">
      <Filter>Inc\Emu\Windows Kits\10\Include\10.0.22621.0\um\RegisteredApi</Filter>
    </ClInclude>
    <ClInclude Include="Inc\Emu\Windows Kits\10\Include\10.0.22621.0\um\RegisteredApi\profileapiEmuRegister.hpp">
      <Filter>Inc\Emu\Windows Kits\10\Include\10.0.22621.0\um\RegisteredApi</Filter>
    </ClInclude>
    <ClInclude Include="Inc\Emu\Windows Kits\10\Include\10.0.22621.0\um\RegisteredApi\stringapisetEmuRegister.hpp">
      <Filter>Inc\Emu\Windows Kits\10\Include\10.0.22621.0\um\RegisteredApi</Filter>
    </ClInclude>
    <ClInclude Include="Inc\Emu\Windows Kits\10\Include\10.0.22621.0\um\RegisteredApi\synchapiEmuRegister.hpp">
      <Filter>Inc\Emu\Windows Kits\10\Include\10.0.22621.0\um\RegisteredApi</Filter>
    </ClInclude>
    <ClInclude Include="Inc\Emu\Windows Kits\10\Include\10.0.22621.0\um\RegisteredApi\sysinfoapiEmuRegister.hpp">
      <Filter>Inc\Emu\Windows Kits\10\Include\10.0.22621.0\um\RegisteredApi</Filter>
    </ClInclude>
    <ClInclude Include="Inc\Emu\Windows Kits\10\Include\10.0.22621.0\um\RegisteredApi\WinBaseEmuRegister.hpp">
      <Filter>Inc\Emu\Windows Kits\10\Include\10.0.22621.0\um\RegisteredApi</Filter>
    </ClInclude>
    <ClInclude Include="Inc\Emu\Windows Kits\10\Include\10.0.22621.0\um\RegisteredApi\wininetEmuRegister.hpp">
      <Filter>Inc\Emu\Windows Kits\10\Include\10.0.22621.0\um\RegisteredApi</Filter>
    </ClInclude>
    <ClInclude Include="Inc\Emu\Windows Kits\10\Include\10.0.22621.0\um\RegisteredApi\WinUserEmuRegister.hpp">
      <Filter>Inc\Emu\Windows Kits\10\Include\10.0.22621.0\um\RegisteredApi</Filter>
    </ClInclude>
  </ItemGroup>
</Project>